// !$*UTF8*$!
{
	archiveVersion = 1;
	classes = {
	};
	objectVersion = 46;
	objects = {

/* Begin PBXBuildFile section */
		E7AB435C1C21090300B3307B /* main.m in Sources */ = {isa = PBXBuildFile; fileRef = E7AB435B1C21090300B3307B /* main.m */; };
		E7AB435F1C21090300B3307B /* AppDelegate.m in Sources */ = {isa = PBXBuildFile; fileRef = E7AB435E1C21090300B3307B /* AppDelegate.m */; };
		E7AB43621C21090300B3307B /* ViewController.m in Sources */ = {isa = PBXBuildFile; fileRef = E7AB43611C21090300B3307B /* ViewController.m */; };
		E7AB43651C21090300B3307B /* Main.storyboard in Resources */ = {isa = PBXBuildFile; fileRef = E7AB43631C21090300B3307B /* Main.storyboard */; };
		E7AB43671C21090300B3307B /* Assets.xcassets in Resources */ = {isa = PBXBuildFile; fileRef = E7AB43661C21090300B3307B /* Assets.xcassets */; };
		E7AB436A1C21090300B3307B /* LaunchScreen.storyboard in Resources */ = {isa = PBXBuildFile; fileRef = E7AB43681C21090300B3307B /* LaunchScreen.storyboard */; };
		E7AB43751C21090300B3307B /* LabelMatchUrlTests.m in Sources */ = {isa = PBXBuildFile; fileRef = E7AB43741C21090300B3307B /* LabelMatchUrlTests.m */; };
		E7AB43801C21090300B3307B /* LabelMatchUrlUITests.m in Sources */ = {isa = PBXBuildFile; fileRef = E7AB437F1C21090300B3307B /* LabelMatchUrlUITests.m */; };
/* End PBXBuildFile section */

/* Begin PBXContainerItemProxy section */
		E7AB43711C21090300B3307B /* PBXContainerItemProxy */ = {
			isa = PBXContainerItemProxy;
			containerPortal = E7AB434F1C21090300B3307B /* Project object */;
			proxyType = 1;
			remoteGlobalIDString = E7AB43561C21090300B3307B;
			remoteInfo = LabelMatchUrl;
		};
		E7AB437C1C21090300B3307B /* PBXContainerItemProxy */ = {
			isa = PBXContainerItemProxy;
			containerPortal = E7AB434F1C21090300B3307B /* Project object */;
			proxyType = 1;
			remoteGlobalIDString = E7AB43561C21090300B3307B;
			remoteInfo = LabelMatchUrl;
		};
/* End PBXContainerItemProxy section */

/* Begin PBXFileReference section */
		E7AB43571C21090300B3307B /* LabelMatchUrl.app */ = {isa = PBXFileReference; explicitFileType = wrapper.application; includeInIndex = 0; path = LabelMatchUrl.app; sourceTree = BUILT_PRODUCTS_DIR; };
		E7AB435B1C21090300B3307B /* main.m */ = {isa = PBXFileReference; lastKnownFileType = sourcecode.c.objc; path = main.m; sourceTree = "<group>"; };
		E7AB435D1C21090300B3307B /* AppDelegate.h */ = {isa = PBXFileReference; lastKnownFileType = sourcecode.c.h; path = AppDelegate.h; sourceTree = "<group>"; };
		E7AB435E1C21090300B3307B /* AppDelegate.m */ = {isa = PBXFileReference; lastKnownFileType = sourcecode.c.objc; path = AppDelegate.m; sourceTree = "<group>"; };
		E7AB43601C21090300B3307B /* ViewController.h */ = {isa = PBXFileReference; lastKnownFileType = sourcecode.c.h; path = ViewController.h; sourceTree = "<group>"; };
		E7AB43611C21090300B3307B /* ViewController.m */ = {isa = PBXFileReference; lastKnownFileType = sourcecode.c.objc; path = ViewController.m; sourceTree = "<group>"; };
		E7AB43641C21090300B3307B /* Base */ = {isa = PBXFileReference; lastKnownFileType = file.storyboard; name = Base; path = Base.lproj/Main.storyboard; sourceTree = "<group>"; };
		E7AB43661C21090300B3307B /* Assets.xcassets */ = {isa = PBXFileReference; lastKnownFileType = folder.assetcatalog; path = Assets.xcassets; sourceTree = "<group>"; };
		E7AB43691C21090300B3307B /* Base */ = {isa = PBXFileReference; lastKnownFileType = file.storyboard; name = Base; path = Base.lproj/LaunchScreen.storyboard; sourceTree = "<group>"; };
		E7AB436B1C21090300B3307B /* Info.plist */ = {isa = PBXFileReference; lastKnownFileType = text.plist.xml; path = Info.plist; sourceTree = "<group>"; };
		E7AB43701C21090300B3307B /* LabelMatchUrlTests.xctest */ = {isa = PBXFileReference; explicitFileType = wrapper.cfbundle; includeInIndex = 0; path = LabelMatchUrlTests.xctest; sourceTree = BUILT_PRODUCTS_DIR; };
		E7AB43741C21090300B3307B /* LabelMatchUrlTests.m */ = {isa = PBXFileReference; lastKnownFileType = sourcecode.c.objc; path = LabelMatchUrlTests.m; sourceTree = "<group>"; };
		E7AB43761C21090300B3307B /* Info.plist */ = {isa = PBXFileReference; lastKnownFileType = text.plist.xml; path = Info.plist; sourceTree = "<group>"; };
		E7AB437B1C21090300B3307B /* LabelMatchUrlUITests.xctest */ = {isa = PBXFileReference; explicitFileType = wrapper.cfbundle; includeInIndex = 0; path = LabelMatchUrlUITests.xctest; sourceTree = BUILT_PRODUCTS_DIR; };
		E7AB437F1C21090300B3307B /* LabelMatchUrlUITests.m */ = {isa = PBXFileReference; lastKnownFileType = sourcecode.c.objc; path = LabelMatchUrlUITests.m; sourceTree = "<group>"; };
		E7AB43811C21090300B3307B /* Info.plist */ = {isa = PBXFileReference; lastKnownFileType = text.plist.xml; path = Info.plist; sourceTree = "<group>"; };
/* End PBXFileReference section */

/* Begin PBXFrameworksBuildPhase section */
		E7AB43541C21090300B3307B /* Frameworks */ = {
			isa = PBXFrameworksBuildPhase;
			buildActionMask = 2147483647;
			files = (
			);
			runOnlyForDeploymentPostprocessing = 0;
		};
		E7AB436D1C21090300B3307B /* Frameworks */ = {
			isa = PBXFrameworksBuildPhase;
			buildActionMask = 2147483647;
			files = (
			);
			runOnlyForDeploymentPostprocessing = 0;
		};
		E7AB43781C21090300B3307B /* Frameworks */ = {
			isa = PBXFrameworksBuildPhase;
			buildActionMask = 2147483647;
			files = (
			);
			runOnlyForDeploymentPostprocessing = 0;
		};
/* End PBXFrameworksBuildPhase section */

/* Begin PBXGroup section */
		E7AB434E1C21090300B3307B = {
			isa = PBXGroup;
			children = (
				E7AB43591C21090300B3307B /* LabelMatchUrl */,
				E7AB43731C21090300B3307B /* LabelMatchUrlTests */,
				E7AB437E1C21090300B3307B /* LabelMatchUrlUITests */,
				E7AB43581C21090300B3307B /* Products */,
			);
			sourceTree = "<group>";
		};
		E7AB43581C21090300B3307B /* Products */ = {
			isa = PBXGroup;
			children = (
				E7AB43571C21090300B3307B /* LabelMatchUrl.app */,
				E7AB43701C21090300B3307B /* LabelMatchUrlTests.xctest */,
				E7AB437B1C21090300B3307B /* LabelMatchUrlUITests.xctest */,
			);
			name = Products;
			sourceTree = "<group>";
		};
		E7AB43591C21090300B3307B /* LabelMatchUrl */ = {
			isa = PBXGroup;
			children = (
				E7AB435D1C21090300B3307B /* AppDelegate.h */,
				E7AB435E1C21090300B3307B /* AppDelegate.m */,
				E7AB43601C21090300B3307B /* ViewController.h */,
				E7AB43611C21090300B3307B /* ViewController.m */,
				E7AB43631C21090300B3307B /* Main.storyboard */,
				E7AB43661C21090300B3307B /* Assets.xcassets */,
				E7AB43681C21090300B3307B /* LaunchScreen.storyboard */,
				E7AB436B1C21090300B3307B /* Info.plist */,
				E7AB435A1C21090300B3307B /* Supporting Files */,
			);
			path = LabelMatchUrl;
			sourceTree = "<group>";
		};
		E7AB435A1C21090300B3307B /* Supporting Files */ = {
			isa = PBXGroup;
			children = (
				E7AB435B1C21090300B3307B /* main.m */,
			);
			name = "Supporting Files";
			sourceTree = "<group>";
		};
		E7AB43731C21090300B3307B /* LabelMatchUrlTests */ = {
			isa = PBXGroup;
			children = (
				E7AB43741C21090300B3307B /* LabelMatchUrlTests.m */,
				E7AB43761C21090300B3307B /* Info.plist */,
			);
			path = LabelMatchUrlTests;
			sourceTree = "<group>";
		};
		E7AB437E1C21090300B3307B /* LabelMatchUrlUITests */ = {
			isa = PBXGroup;
			children = (
				E7AB437F1C21090300B3307B /* LabelMatchUrlUITests.m */,
				E7AB43811C21090300B3307B /* Info.plist */,
			);
			path = LabelMatchUrlUITests;
			sourceTree = "<group>";
		};
/* End PBXGroup section */

/* Begin PBXNativeTarget section */
		E7AB43561C21090300B3307B /* LabelMatchUrl */ = {
			isa = PBXNativeTarget;
			buildConfigurationList = E7AB43841C21090300B3307B /* Build configuration list for PBXNativeTarget "LabelMatchUrl" */;
			buildPhases = (
				E7AB43531C21090300B3307B /* Sources */,
				E7AB43541C21090300B3307B /* Frameworks */,
				E7AB43551C21090300B3307B /* Resources */,
			);
			buildRules = (
			);
			dependencies = (
			);
			name = LabelMatchUrl;
			productName = LabelMatchUrl;
			productReference = E7AB43571C21090300B3307B /* LabelMatchUrl.app */;
			productType = "com.apple.product-type.application";
		};
		E7AB436F1C21090300B3307B /* LabelMatchUrlTests */ = {
			isa = PBXNativeTarget;
			buildConfigurationList = E7AB43871C21090300B3307B /* Build configuration list for PBXNativeTarget "LabelMatchUrlTests" */;
			buildPhases = (
				E7AB436C1C21090300B3307B /* Sources */,
				E7AB436D1C21090300B3307B /* Frameworks */,
				E7AB436E1C21090300B3307B /* Resources */,
			);
			buildRules = (
			);
			dependencies = (
				E7AB43721C21090300B3307B /* PBXTargetDependency */,
			);
			name = LabelMatchUrlTests;
			productName = LabelMatchUrlTests;
			productReference = E7AB43701C21090300B3307B /* LabelMatchUrlTests.xctest */;
			productType = "com.apple.product-type.bundle.unit-test";
		};
		E7AB437A1C21090300B3307B /* LabelMatchUrlUITests */ = {
			isa = PBXNativeTarget;
			buildConfigurationList = E7AB438A1C21090300B3307B /* Build configuration list for PBXNativeTarget "LabelMatchUrlUITests" */;
			buildPhases = (
				E7AB43771C21090300B3307B /* Sources */,
				E7AB43781C21090300B3307B /* Frameworks */,
				E7AB43791C21090300B3307B /* Resources */,
			);
			buildRules = (
			);
			dependencies = (
				E7AB437D1C21090300B3307B /* PBXTargetDependency */,
			);
			name = LabelMatchUrlUITests;
			productName = LabelMatchUrlUITests;
			productReference = E7AB437B1C21090300B3307B /* LabelMatchUrlUITests.xctest */;
			productType = "com.apple.product-type.bundle.ui-testing";
		};
/* End PBXNativeTarget section */

/* Begin PBXProject section */
		E7AB434F1C21090300B3307B /* Project object */ = {
			isa = PBXProject;
			attributes = {
				LastUpgradeCheck = 0710;
				ORGANIZATIONNAME = "宋志明";
				TargetAttributes = {
					E7AB43561C21090300B3307B = {
						CreatedOnToolsVersion = 7.1.1;
					};
					E7AB436F1C21090300B3307B = {
						CreatedOnToolsVersion = 7.1.1;
						TestTargetID = E7AB43561C21090300B3307B;
					};
					E7AB437A1C21090300B3307B = {
						CreatedOnToolsVersion = 7.1.1;
						TestTargetID = E7AB43561C21090300B3307B;
					};
				};
			};
			buildConfigurationList = E7AB43521C21090300B3307B /* Build configuration list for PBXProject "LabelMatchUrl" */;
			compatibilityVersion = "Xcode 3.2";
			developmentRegion = English;
			hasScannedForEncodings = 0;
			knownRegions = (
				en,
				Base,
			);
			mainGroup = E7AB434E1C21090300B3307B;
			productRefGroup = E7AB43581C21090300B3307B /* Products */;
			projectDirPath = "";
			projectRoot = "";
			targets = (
				E7AB43561C21090300B3307B /* LabelMatchUrl */,
				E7AB436F1C21090300B3307B /* LabelMatchUrlTests */,
				E7AB437A1C21090300B3307B /* LabelMatchUrlUITests */,
			);
		};
/* End PBXProject section */

/* Begin PBXResourcesBuildPhase section */
		E7AB43551C21090300B3307B /* Resources */ = {
			isa = PBXResourcesBuildPhase;
			buildActionMask = 2147483647;
			files = (
				E7AB436A1C21090300B3307B /* LaunchScreen.storyboard in Resources */,
				E7AB43671C21090300B3307B /* Assets.xcassets in Resources */,
				E7AB43651C21090300B3307B /* Main.storyboard in Resources */,
			);
			runOnlyForDeploymentPostprocessing = 0;
		};
		E7AB436E1C21090300B3307B /* Resources */ = {
			isa = PBXResourcesBuildPhase;
			buildActionMask = 2147483647;
			files = (
			);
			runOnlyForDeploymentPostprocessing = 0;
		};
		E7AB43791C21090300B3307B /* Resources */ = {
			isa = PBXResourcesBuildPhase;
			buildActionMask = 2147483647;
			files = (
			);
			runOnlyForDeploymentPostprocessing = 0;
		};
/* End PBXResourcesBuildPhase section */

/* Begin PBXSourcesBuildPhase section */
		E7AB43531C21090300B3307B /* Sources */ = {
			isa = PBXSourcesBuildPhase;
			buildActionMask = 2147483647;
			files = (
				E7AB43621C21090300B3307B /* ViewController.m in Sources */,
				E7AB435F1C21090300B3307B /* AppDelegate.m in Sources */,
				E7AB435C1C21090300B3307B /* main.m in Sources */,
			);
			runOnlyForDeploymentPostprocessing = 0;
		};
		E7AB436C1C21090300B3307B /* Sources */ = {
			isa = PBXSourcesBuildPhase;
			buildActionMask = 2147483647;
			files = (
				E7AB43751C21090300B3307B /* LabelMatchUrlTests.m in Sources */,
			);
			runOnlyForDeploymentPostprocessing = 0;
		};
		E7AB43771C21090300B3307B /* Sources */ = {
			isa = PBXSourcesBuildPhase;
			buildActionMask = 2147483647;
			files = (
				E7AB43801C21090300B3307B /* LabelMatchUrlUITests.m in Sources */,
			);
			runOnlyForDeploymentPostprocessing = 0;
		};
/* End PBXSourcesBuildPhase section */

/* Begin PBXTargetDependency section */
		E7AB43721C21090300B3307B /* PBXTargetDependency */ = {
			isa = PBXTargetDependency;
			target = E7AB43561C21090300B3307B /* LabelMatchUrl */;
			targetProxy = E7AB43711C21090300B3307B /* PBXContainerItemProxy */;
		};
		E7AB437D1C21090300B3307B /* PBXTargetDependency */ = {
			isa = PBXTargetDependency;
			target = E7AB43561C21090300B3307B /* LabelMatchUrl */;
			targetProxy = E7AB437C1C21090300B3307B /* PBXContainerItemProxy */;
		};
/* End PBXTargetDependency section */

/* Begin PBXVariantGroup section */
		E7AB43631C21090300B3307B /* Main.storyboard */ = {
			isa = PBXVariantGroup;
			children = (
				E7AB43641C21090300B3307B /* Base */,
			);
			name = Main.storyboard;
			sourceTree = "<group>";
		};
		E7AB43681C21090300B3307B /* LaunchScreen.storyboard */ = {
			isa = PBXVariantGroup;
			children = (
				E7AB43691C21090300B3307B /* Base */,
			);
			name = LaunchScreen.storyboard;
			sourceTree = "<group>";
		};
/* End PBXVariantGroup section */

/* Begin XCBuildConfiguration section */
		E7AB43821C21090300B3307B /* Debug */ = {
			isa = XCBuildConfiguration;
			buildSettings = {
				ALWAYS_SEARCH_USER_PATHS = NO;
				CLANG_CXX_LANGUAGE_STANDARD = "gnu++0x";
				CLANG_CXX_LIBRARY = "libc++";
				CLANG_ENABLE_MODULES = YES;
				CLANG_ENABLE_OBJC_ARC = YES;
				CLANG_WARN_BOOL_CONVERSION = YES;
				CLANG_WARN_CONSTANT_CONVERSION = YES;
				CLANG_WARN_DIRECT_OBJC_ISA_USAGE = YES_ERROR;
				CLANG_WARN_EMPTY_BODY = YES;
				CLANG_WARN_ENUM_CONVERSION = YES;
				CLANG_WARN_INT_CONVERSION = YES;
				CLANG_WARN_OBJC_ROOT_CLASS = YES_ERROR;
				CLANG_WARN_UNREACHABLE_CODE = YES;
				CLANG_WARN__DUPLICATE_METHOD_MATCH = YES;
				"CODE_SIGN_IDENTITY[sdk=iphoneos*]" = "iPhone Developer";
				COPY_PHASE_STRIP = NO;
				DEBUG_INFORMATION_FORMAT = dwarf;
				ENABLE_STRICT_OBJC_MSGSEND = YES;
				ENABLE_TESTABILITY = YES;
				GCC_C_LANGUAGE_STANDARD = gnu99;
				GCC_DYNAMIC_NO_PIC = NO;
				GCC_NO_COMMON_BLOCKS = YES;
				GCC_OPTIMIZATION_LEVEL = 0;
				GCC_PREPROCESSOR_DEFINITIONS = (
					"DEBUG=1",
					"$(inherited)",
				);
				GCC_WARN_64_TO_32_BIT_CONVERSION = YES;
				GCC_WARN_ABOUT_RETURN_TYPE = YES_ERROR;
				GCC_WARN_UNDECLARED_SELECTOR = YES;
				GCC_WARN_UNINITIALIZED_AUTOS = YES_AGGRESSIVE;
				GCC_WARN_UNUSED_FUNCTION = YES;
				GCC_WARN_UNUSED_VARIABLE = YES;
				IPHONEOS_DEPLOYMENT_TARGET = 9.1;
				MTL_ENABLE_DEBUG_INFO = YES;
				ONLY_ACTIVE_ARCH = YES;
				SDKROOT = iphoneos;
			};
			name = Debug;
		};
		E7AB43831C21090300B3307B /* Release */ = {
			isa = XCBuildConfiguration;
			buildSettings = {
				ALWAYS_SEARCH_USER_PATHS = NO;
				CLANG_CXX_LANGUAGE_STANDARD = "gnu++0x";
				CLANG_CXX_LIBRARY = "libc++";
				CLANG_ENABLE_MODULES = YES;
				CLANG_ENABLE_OBJC_ARC = YES;
				CLANG_WARN_BOOL_CONVERSION = YES;
				CLANG_WARN_CONSTANT_CONVERSION = YES;
				CLANG_WARN_DIRECT_OBJC_ISA_USAGE = YES_ERROR;
				CLANG_WARN_EMPTY_BODY = YES;
				CLANG_WARN_ENUM_CONVERSION = YES;
				CLANG_WARN_INT_CONVERSION = YES;
				CLANG_WARN_OBJC_ROOT_CLASS = YES_ERROR;
				CLANG_WARN_UNREACHABLE_CODE = YES;
				CLANG_WARN__DUPLICATE_METHOD_MATCH = YES;
				"CODE_SIGN_IDENTITY[sdk=iphoneos*]" = "iPhone Developer";
				COPY_PHASE_STRIP = NO;
				DEBUG_INFORMATION_FORMAT = "dwarf-with-dsym";
				ENABLE_NS_ASSERTIONS = NO;
				ENABLE_STRICT_OBJC_MSGSEND = YES;
				GCC_C_LANGUAGE_STANDARD = gnu99;
				GCC_NO_COMMON_BLOCKS = YES;
				GCC_WARN_64_TO_32_BIT_CONVERSION = YES;
				GCC_WARN_ABOUT_RETURN_TYPE = YES_ERROR;
				GCC_WARN_UNDECLARED_SELECTOR = YES;
				GCC_WARN_UNINITIALIZED_AUTOS = YES_AGGRESSIVE;
				GCC_WARN_UNUSED_FUNCTION = YES;
				GCC_WARN_UNUSED_VARIABLE = YES;
				IPHONEOS_DEPLOYMENT_TARGET = 9.1;
				MTL_ENABLE_DEBUG_INFO = NO;
				SDKROOT = iphoneos;
				VALIDATE_PRODUCT = YES;
			};
			name = Release;
		};
		E7AB43851C21090300B3307B /* Debug */ = {
			isa = XCBuildConfiguration;
			buildSettings = {
				ASSETCATALOG_COMPILER_APPICON_NAME = AppIcon;
				INFOPLIST_FILE = LabelMatchUrl/Info.plist;
				IPHONEOS_DEPLOYMENT_TARGET = 8.0;
				LD_RUNPATH_SEARCH_PATHS = "$(inherited) @executable_path/Frameworks";
				PRODUCT_BUNDLE_IDENTIFIER = com.witmob.LabelMatchUrl;
				PRODUCT_NAME = "$(TARGET_NAME)";
			};
			name = Debug;
		};
		E7AB43861C21090300B3307B /* Release */ = {
			isa = XCBuildConfiguration;
			buildSettings = {
				ASSETCATALOG_COMPILER_APPICON_NAME = AppIcon;
				INFOPLIST_FILE = LabelMatchUrl/Info.plist;
				IPHONEOS_DEPLOYMENT_TARGET = 8.0;
				LD_RUNPATH_SEARCH_PATHS = "$(inherited) @executable_path/Frameworks";
				PRODUCT_BUNDLE_IDENTIFIER = com.witmob.LabelMatchUrl;
				PRODUCT_NAME = "$(TARGET_NAME)";
			};
			name = Release;
		};
		E7AB43881C21090300B3307B /* Debug */ = {
			isa = XCBuildConfiguration;
			buildSettings = {
				BUNDLE_LOADER = "$(TEST_HOST)";
				INFOPLIST_FILE = LabelMatchUrlTests/Info.plist;
				LD_RUNPATH_SEARCH_PATHS = "$(inherited) @executable_path/Frameworks @loader_path/Frameworks";
				PRODUCT_BUNDLE_IDENTIFIER = com.witmob.LabelMatchUrlTests;
				PRODUCT_NAME = "$(TARGET_NAME)";
				TEST_HOST = "$(BUILT_PRODUCTS_DIR)/LabelMatchUrl.app/LabelMatchUrl";
			};
			name = Debug;
		};
		E7AB43891C21090300B3307B /* Release */ = {
			isa = XCBuildConfiguration;
			buildSettings = {
				BUNDLE_LOADER = "$(TEST_HOST)";
				INFOPLIST_FILE = LabelMatchUrlTests/Info.plist;
				LD_RUNPATH_SEARCH_PATHS = "$(inherited) @executable_path/Frameworks @loader_path/Frameworks";
				PRODUCT_BUNDLE_IDENTIFIER = com.witmob.LabelMatchUrlTests;
				PRODUCT_NAME = "$(TARGET_NAME)";
				TEST_HOST = "$(BUILT_PRODUCTS_DIR)/LabelMatchUrl.app/LabelMatchUrl";
			};
			name = Release;
		};
		E7AB438B1C21090300B3307B /* Debug */ = {
			isa = XCBuildConfiguration;
			buildSettings = {
				INFOPLIST_FILE = LabelMatchUrlUITests/Info.plist;
				LD_RUNPATH_SEARCH_PATHS = "$(inherited) @executable_path/Frameworks @loader_path/Frameworks";
				PRODUCT_BUNDLE_IDENTIFIER = com.witmob.LabelMatchUrlUITests;
				PRODUCT_NAME = "$(TARGET_NAME)";
				TEST_TARGET_NAME = LabelMatchUrl;
				USES_XCTRUNNER = YES;
			};
			name = Debug;
		};
		E7AB438C1C21090300B3307B /* Release */ = {
			isa = XCBuildConfiguration;
			buildSettings = {
				INFOPLIST_FILE = LabelMatchUrlUITests/Info.plist;
				LD_RUNPATH_SEARCH_PATHS = "$(inherited) @executable_path/Frameworks @loader_path/Frameworks";
				PRODUCT_BUNDLE_IDENTIFIER = com.witmob.LabelMatchUrlUITests;
				PRODUCT_NAME = "$(TARGET_NAME)";
				TEST_TARGET_NAME = LabelMatchUrl;
				USES_XCTRUNNER = YES;
			};
			name = Release;
		};
/* End XCBuildConfiguration section */

/* Begin XCConfigurationList section */
		E7AB43521C21090300B3307B /* Build configuration list for PBXProject "LabelMatchUrl" */ = {
			isa = XCConfigurationList;
			buildConfigurations = (
				E7AB43821C21090300B3307B /* Debug */,
				E7AB43831C21090300B3307B /* Release */,
			);
			defaultConfigurationIsVisible = 0;
			defaultConfigurationName = Release;
		};
		E7AB43841C21090300B3307B /* Build configuration list for PBXNativeTarget "LabelMatchUrl" */ = {
			isa = XCConfigurationList;
			buildConfigurations = (
				E7AB43851C21090300B3307B /* Debug */,
				E7AB43861C21090300B3307B /* Release */,
			);
			defaultConfigurationIsVisible = 0;
		};
		E7AB43871C21090300B3307B /* Build configuration list for PBXNativeTarget "LabelMatchUrlTests" */ = {
			isa = XCConfigurationList;
			buildConfigurations = (
				E7AB43881C21090300B3307B /* Debug */,
				E7AB43891C21090300B3307B /* Release */,
			);
			defaultConfigurationIsVisible = 0;
		};
		E7AB438A1C21090300B3307B /* Build configuration list for PBXNativeTarget "LabelMatchUrlUITests" */ = {
			isa = XCConfigurationList;
			buildConfigurations = (
				E7AB438B1C21090300B3307B /* Debug */,
				E7AB438C1C21090300B3307B /* Release */,
			);
			defaultConfigurationIsVisible = 0;
		};
/* End XCConfigurationList section */
	};
	rootObject = E7AB434F1C21090300B3307B /* Project object */;
}
